
Microsoft Visual Studio Solution File, Format Version 12.00
# Visual Studio Version 16
VisualStudioVersion = 16.0.30621.155
MinimumVisualStudioVersion = 10.0.40219.1
Project("{2150E333-8FDC-42A3-9474-1A3956D46DE8}") = "Less1", "Less1", "{84464F92-0CA6-41E0-B07C-67EDF1839982}"
EndProject
Project("{FAE04EC0-301F-11D3-BF4B-00C04F79EFBC}") = "Task_1", "Less1\Task_1\Task_1.csproj", "{A07E7094-5F07-44DF-BAB3-2C8F2250D7AA}"
EndProject
Project("{FAE04EC0-301F-11D3-BF4B-00C04F79EFBC}") = "Task_2", "Less1\Task_2\Task_2.csproj", "{C2FABF00-3CB6-4483-BF93-EFF00FF79C4B}"
EndProject
Project("{FAE04EC0-301F-11D3-BF4B-00C04F79EFBC}") = "Task_3", "Less1\Task_3\Task_3.csproj", "{E272185A-5F53-407F-B762-A131870133FE}"
EndProject
Project("{FAE04EC0-301F-11D3-BF4B-00C04F79EFBC}") = "Task_4", "Less1\Task_4\Task_4.csproj", "{526ADA37-665E-4F79-9441-23F6D1288EE1}"
EndProject
Project("{FAE04EC0-301F-11D3-BF4B-00C04F79EFBC}") = "Task_5", "Less1\Task_5\Task_5.csproj", "{F5B5D6A5-6B33-4156-AFA8-FB86603A3614}"
EndProject
Project("{FAE04EC0-301F-11D3-BF4B-00C04F79EFBC}") = "Task_6", "Less1\Task_6\Task_6.csproj", "{A4A8A754-CAA5-4D29-877A-8E3DB6B814CE}"
EndProject
Project("{FAE04EC0-301F-11D3-BF4B-00C04F79EFBC}") = "Task_7", "Less1\Task_7\Task_7.csproj", "{514765C6-6395-4243-84C1-5C1B19A4D292}"
EndProject
Project("{FAE04EC0-301F-11D3-BF4B-00C04F79EFBC}") = "Task_8", "Less1\Task_8\Task_8.csproj", "{04DFD19C-E047-43E9-8CA9-A3A65208F16C}"
EndProject
Project("{FAE04EC0-301F-11D3-BF4B-00C04F79EFBC}") = "Task_9", "Less1\Task_9\Task_9.csproj", "{4ABC70CA-F041-4AD7-828C-BF13243DF845}"
EndProject
Project("{FAE04EC0-301F-11D3-BF4B-00C04F79EFBC}") = "Task_10", "Less1\Task_10\Task_10.csproj", "{F1318938-2AEB-4C0F-AD92-1D6A23F38716}"
EndProject
Project("{FAE04EC0-301F-11D3-BF4B-00C04F79EFBC}") = "Task_11", "Less1\Task_11\Task_11.csproj", "{EE3BFD09-1F4F-4359-8DDA-1C55165396F7}"
EndProject
Project("{FAE04EC0-301F-11D3-BF4B-00C04F79EFBC}") = "Task_12", "Less1\Task_12\Task_12.csproj", "{C8952F70-8FD0-487B-8B17-57B237A5933E}"
EndProject
Project("{FAE04EC0-301F-11D3-BF4B-00C04F79EFBC}") = "Task_13", "Less1\Task_13\Task_13.csproj", "{88F75710-7204-4C71-BDA3-FB092F6F6A10}"
EndProject
Project("{2150E333-8FDC-42A3-9474-1A3956D46DE8}") = "Less2", "Less2", "{A0AED990-326C-44F5-B7CF-E34A7E175CB4}"
EndProject
Project("{FAE04EC0-301F-11D3-BF4B-00C04F79EFBC}") = "Task_1", "Less2\Task_1\Task_1.csproj", "{F68CF430-A496-4736-858B-3337CBD771B0}"
EndProject
Project("{FAE04EC0-301F-11D3-BF4B-00C04F79EFBC}") = "Task_2", "Less2\Task_2\Task_2.csproj", "{F297F83C-A293-477B-8A13-8307A55DE272}"
EndProject
Project("{FAE04EC0-301F-11D3-BF4B-00C04F79EFBC}") = "Task_3", "Less2\Task_3\Task_3.csproj", "{C83D71BC-6ABD-4B03-8005-4C8204553FDD}"
EndProject
Project("{2150E333-8FDC-42A3-9474-1A3956D46DE8}") = "Less3", "Less3", "{7916575E-D1C2-47F6-A6D9-014A58C03AF4}"
EndProject
Project("{FAE04EC0-301F-11D3-BF4B-00C04F79EFBC}") = "Task_1", "Less3\Task_1\Task_1.csproj", "{D441941D-CE10-4C67-9B83-501E574662E4}"
EndProject
Project("{FAE04EC0-301F-11D3-BF4B-00C04F79EFBC}") = "Task_2", "Less3\Task_2\Task_2.csproj", "{B926C987-18F1-4D05-AABD-76F20CE8FB1E}"
EndProject
Project("{FAE04EC0-301F-11D3-BF4B-00C04F79EFBC}") = "Task_3", "Less3\Task_3\Task_3.csproj", "{70D3D259-44B8-4FBF-85DD-6B2A9F1367BF}"
EndProject
Project("{2150E333-8FDC-42A3-9474-1A3956D46DE8}") = "Less4", "Less4", "{D515D0E3-49AF-46B7-A9FF-D00242B8F4EA}"
EndProject
Project("{FAE04EC0-301F-11D3-BF4B-00C04F79EFBC}") = "Task_1", "Less4\Task_1\Task_1.csproj", "{A0DC9302-C5DE-4922-A023-378F79688E4C}"
EndProject
Project("{FAE04EC0-301F-11D3-BF4B-00C04F79EFBC}") = "Task_3", "Less4\Task_3\Task_3.csproj", "{027F215F-9EB6-4651-B79C-91EE82D0A669}"
EndProject
Project("{FAE04EC0-301F-11D3-BF4B-00C04F79EFBC}") = "Task_2", "Less4\Task_2\Task_2.csproj", "{BA9905E4-9F1D-4255-8AC4-C8A79C3A448A}"
EndProject
Global
	GlobalSection(SolutionConfigurationPlatforms) = preSolution
		Debug|Any CPU = Debug|Any CPU
		Release|Any CPU = Release|Any CPU
	EndGlobalSection
	GlobalSection(ProjectConfigurationPlatforms) = postSolution
		{A07E7094-5F07-44DF-BAB3-2C8F2250D7AA}.Debug|Any CPU.ActiveCfg = Debug|Any CPU
		{A07E7094-5F07-44DF-BAB3-2C8F2250D7AA}.Debug|Any CPU.Build.0 = Debug|Any CPU
		{A07E7094-5F07-44DF-BAB3-2C8F2250D7AA}.Release|Any CPU.ActiveCfg = Release|Any CPU
		{A07E7094-5F07-44DF-BAB3-2C8F2250D7AA}.Release|Any CPU.Build.0 = Release|Any CPU
		{C2FABF00-3CB6-4483-BF93-EFF00FF79C4B}.Debug|Any CPU.ActiveCfg = Debug|Any CPU
		{C2FABF00-3CB6-4483-BF93-EFF00FF79C4B}.Debug|Any CPU.Build.0 = Debug|Any CPU
		{C2FABF00-3CB6-4483-BF93-EFF00FF79C4B}.Release|Any CPU.ActiveCfg = Release|Any CPU
		{C2FABF00-3CB6-4483-BF93-EFF00FF79C4B}.Release|Any CPU.Build.0 = Release|Any CPU
		{E272185A-5F53-407F-B762-A131870133FE}.Debug|Any CPU.ActiveCfg = Debug|Any CPU
		{E272185A-5F53-407F-B762-A131870133FE}.Debug|Any CPU.Build.0 = Debug|Any CPU
		{E272185A-5F53-407F-B762-A131870133FE}.Release|Any CPU.ActiveCfg = Release|Any CPU
		{E272185A-5F53-407F-B762-A131870133FE}.Release|Any CPU.Build.0 = Release|Any CPU
		{526ADA37-665E-4F79-9441-23F6D1288EE1}.Debug|Any CPU.ActiveCfg = Debug|Any CPU
		{526ADA37-665E-4F79-9441-23F6D1288EE1}.Debug|Any CPU.Build.0 = Debug|Any CPU
		{526ADA37-665E-4F79-9441-23F6D1288EE1}.Release|Any CPU.ActiveCfg = Release|Any CPU
		{526ADA37-665E-4F79-9441-23F6D1288EE1}.Release|Any CPU.Build.0 = Release|Any CPU
		{F5B5D6A5-6B33-4156-AFA8-FB86603A3614}.Debug|Any CPU.ActiveCfg = Debug|Any CPU
		{F5B5D6A5-6B33-4156-AFA8-FB86603A3614}.Debug|Any CPU.Build.0 = Debug|Any CPU
		{F5B5D6A5-6B33-4156-AFA8-FB86603A3614}.Release|Any CPU.ActiveCfg = Release|Any CPU
		{F5B5D6A5-6B33-4156-AFA8-FB86603A3614}.Release|Any CPU.Build.0 = Release|Any CPU
		{A4A8A754-CAA5-4D29-877A-8E3DB6B814CE}.Debug|Any CPU.ActiveCfg = Debug|Any CPU
		{A4A8A754-CAA5-4D29-877A-8E3DB6B814CE}.Debug|Any CPU.Build.0 = Debug|Any CPU
		{A4A8A754-CAA5-4D29-877A-8E3DB6B814CE}.Release|Any CPU.ActiveCfg = Release|Any CPU
		{A4A8A754-CAA5-4D29-877A-8E3DB6B814CE}.Release|Any CPU.Build.0 = Release|Any CPU
		{514765C6-6395-4243-84C1-5C1B19A4D292}.Debug|Any CPU.ActiveCfg = Debug|Any CPU
		{514765C6-6395-4243-84C1-5C1B19A4D292}.Debug|Any CPU.Build.0 = Debug|Any CPU
		{514765C6-6395-4243-84C1-5C1B19A4D292}.Release|Any CPU.ActiveCfg = Release|Any CPU
		{514765C6-6395-4243-84C1-5C1B19A4D292}.Release|Any CPU.Build.0 = Release|Any CPU
		{04DFD19C-E047-43E9-8CA9-A3A65208F16C}.Debug|Any CPU.ActiveCfg = Debug|Any CPU
		{04DFD19C-E047-43E9-8CA9-A3A65208F16C}.Debug|Any CPU.Build.0 = Debug|Any CPU
		{04DFD19C-E047-43E9-8CA9-A3A65208F16C}.Release|Any CPU.ActiveCfg = Release|Any CPU
		{04DFD19C-E047-43E9-8CA9-A3A65208F16C}.Release|Any CPU.Build.0 = Release|Any CPU
		{4ABC70CA-F041-4AD7-828C-BF13243DF845}.Debug|Any CPU.ActiveCfg = Debug|Any CPU
		{4ABC70CA-F041-4AD7-828C-BF13243DF845}.Debug|Any CPU.Build.0 = Debug|Any CPU
		{4ABC70CA-F041-4AD7-828C-BF13243DF845}.Release|Any CPU.ActiveCfg = Release|Any CPU
		{4ABC70CA-F041-4AD7-828C-BF13243DF845}.Release|Any CPU.Build.0 = Release|Any CPU
		{F1318938-2AEB-4C0F-AD92-1D6A23F38716}.Debug|Any CPU.ActiveCfg = Debug|Any CPU
		{F1318938-2AEB-4C0F-AD92-1D6A23F38716}.Debug|Any CPU.Build.0 = Debug|Any CPU
		{F1318938-2AEB-4C0F-AD92-1D6A23F38716}.Release|Any CPU.ActiveCfg = Release|Any CPU
		{F1318938-2AEB-4C0F-AD92-1D6A23F38716}.Release|Any CPU.Build.0 = Release|Any CPU
		{EE3BFD09-1F4F-4359-8DDA-1C55165396F7}.Debug|Any CPU.ActiveCfg = Debug|Any CPU
		{EE3BFD09-1F4F-4359-8DDA-1C55165396F7}.Debug|Any CPU.Build.0 = Debug|Any CPU
		{EE3BFD09-1F4F-4359-8DDA-1C55165396F7}.Release|Any CPU.ActiveCfg = Release|Any CPU
		{EE3BFD09-1F4F-4359-8DDA-1C55165396F7}.Release|Any CPU.Build.0 = Release|Any CPU
		{C8952F70-8FD0-487B-8B17-57B237A5933E}.Debug|Any CPU.ActiveCfg = Debug|Any CPU
		{C8952F70-8FD0-487B-8B17-57B237A5933E}.Debug|Any CPU.Build.0 = Debug|Any CPU
		{C8952F70-8FD0-487B-8B17-57B237A5933E}.Release|Any CPU.ActiveCfg = Release|Any CPU
		{C8952F70-8FD0-487B-8B17-57B237A5933E}.Release|Any CPU.Build.0 = Release|Any CPU
		{88F75710-7204-4C71-BDA3-FB092F6F6A10}.Debug|Any CPU.ActiveCfg = Debug|Any CPU
		{88F75710-7204-4C71-BDA3-FB092F6F6A10}.Debug|Any CPU.Build.0 = Debug|Any CPU
		{88F75710-7204-4C71-BDA3-FB092F6F6A10}.Release|Any CPU.ActiveCfg = Release|Any CPU
		{88F75710-7204-4C71-BDA3-FB092F6F6A10}.Release|Any CPU.Build.0 = Release|Any CPU
		{F68CF430-A496-4736-858B-3337CBD771B0}.Debug|Any CPU.ActiveCfg = Debug|Any CPU
		{F68CF430-A496-4736-858B-3337CBD771B0}.Debug|Any CPU.Build.0 = Debug|Any CPU
		{F68CF430-A496-4736-858B-3337CBD771B0}.Release|Any CPU.ActiveCfg = Release|Any CPU
		{F68CF430-A496-4736-858B-3337CBD771B0}.Release|Any CPU.Build.0 = Release|Any CPU
		{F297F83C-A293-477B-8A13-8307A55DE272}.Debug|Any CPU.ActiveCfg = Debug|Any CPU
		{F297F83C-A293-477B-8A13-8307A55DE272}.Debug|Any CPU.Build.0 = Debug|Any CPU
		{F297F83C-A293-477B-8A13-8307A55DE272}.Release|Any CPU.ActiveCfg = Release|Any CPU
		{F297F83C-A293-477B-8A13-8307A55DE272}.Release|Any CPU.Build.0 = Release|Any CPU
		{C83D71BC-6ABD-4B03-8005-4C8204553FDD}.Debug|Any CPU.ActiveCfg = Debug|Any CPU
		{C83D71BC-6ABD-4B03-8005-4C8204553FDD}.Debug|Any CPU.Build.0 = Debug|Any CPU
		{C83D71BC-6ABD-4B03-8005-4C8204553FDD}.Release|Any CPU.ActiveCfg = Release|Any CPU
		{C83D71BC-6ABD-4B03-8005-4C8204553FDD}.Release|Any CPU.Build.0 = Release|Any CPU
		{D441941D-CE10-4C67-9B83-501E574662E4}.Debug|Any CPU.ActiveCfg = Debug|Any CPU
		{D441941D-CE10-4C67-9B83-501E574662E4}.Debug|Any CPU.Build.0 = Debug|Any CPU
		{D441941D-CE10-4C67-9B83-501E574662E4}.Release|Any CPU.ActiveCfg = Release|Any CPU
		{D441941D-CE10-4C67-9B83-501E574662E4}.Release|Any CPU.Build.0 = Release|Any CPU
		{B926C987-18F1-4D05-AABD-76F20CE8FB1E}.Debug|Any CPU.ActiveCfg = Debug|Any CPU
		{B926C987-18F1-4D05-AABD-76F20CE8FB1E}.Debug|Any CPU.Build.0 = Debug|Any CPU
		{B926C987-18F1-4D05-AABD-76F20CE8FB1E}.Release|Any CPU.ActiveCfg = Release|Any CPU
		{B926C987-18F1-4D05-AABD-76F20CE8FB1E}.Release|Any CPU.Build.0 = Release|Any CPU
		{70D3D259-44B8-4FBF-85DD-6B2A9F1367BF}.Debug|Any CPU.ActiveCfg = Debug|Any CPU
		{70D3D259-44B8-4FBF-85DD-6B2A9F1367BF}.Debug|Any CPU.Build.0 = Debug|Any CPU
		{70D3D259-44B8-4FBF-85DD-6B2A9F1367BF}.Release|Any CPU.ActiveCfg = Release|Any CPU
		{70D3D259-44B8-4FBF-85DD-6B2A9F1367BF}.Release|Any CPU.Build.0 = Release|Any CPU
		{A0DC9302-C5DE-4922-A023-378F79688E4C}.Debug|Any CPU.ActiveCfg = Debug|Any CPU
		{A0DC9302-C5DE-4922-A023-378F79688E4C}.Debug|Any CPU.Build.0 = Debug|Any CPU
		{A0DC9302-C5DE-4922-A023-378F79688E4C}.Release|Any CPU.ActiveCfg = Release|Any CPU
		{A0DC9302-C5DE-4922-A023-378F79688E4C}.Release|Any CPU.Build.0 = Release|Any CPU
		{027F215F-9EB6-4651-B79C-91EE82D0A669}.Debug|Any CPU.ActiveCfg = Debug|Any CPU
		{027F215F-9EB6-4651-B79C-91EE82D0A669}.Debug|Any CPU.Build.0 = Debug|Any CPU
		{027F215F-9EB6-4651-B79C-91EE82D0A669}.Release|Any CPU.ActiveCfg = Release|Any CPU
		{027F215F-9EB6-4651-B79C-91EE82D0A669}.Release|Any CPU.Build.0 = Release|Any CPU
		{BA9905E4-9F1D-4255-8AC4-C8A79C3A448A}.Debug|Any CPU.ActiveCfg = Debug|Any CPU
		{BA9905E4-9F1D-4255-8AC4-C8A79C3A448A}.Debug|Any CPU.Build.0 = Debug|Any CPU
		{BA9905E4-9F1D-4255-8AC4-C8A79C3A448A}.Release|Any CPU.ActiveCfg = Release|Any CPU
		{BA9905E4-9F1D-4255-8AC4-C8A79C3A448A}.Release|Any CPU.Build.0 = Release|Any CPU
	EndGlobalSection
	GlobalSection(SolutionProperties) = preSolution
		HideSolutionNode = FALSE
	EndGlobalSection
	GlobalSection(NestedProjects) = preSolution
		{A07E7094-5F07-44DF-BAB3-2C8F2250D7AA} = {84464F92-0CA6-41E0-B07C-67EDF1839982}
		{C2FABF00-3CB6-4483-BF93-EFF00FF79C4B} = {84464F92-0CA6-41E0-B07C-67EDF1839982}
		{E272185A-5F53-407F-B762-A131870133FE} = {84464F92-0CA6-41E0-B07C-67EDF1839982}
		{526ADA37-665E-4F79-9441-23F6D1288EE1} = {84464F92-0CA6-41E0-B07C-67EDF1839982}
		{F5B5D6A5-6B33-4156-AFA8-FB86603A3614} = {84464F92-0CA6-41E0-B07C-67EDF1839982}
		{A4A8A754-CAA5-4D29-877A-8E3DB6B814CE} = {84464F92-0CA6-41E0-B07C-67EDF1839982}
		{514765C6-6395-4243-84C1-5C1B19A4D292} = {84464F92-0CA6-41E0-B07C-67EDF1839982}
		{04DFD19C-E047-43E9-8CA9-A3A65208F16C} = {84464F92-0CA6-41E0-B07C-67EDF1839982}
		{4ABC70CA-F041-4AD7-828C-BF13243DF845} = {84464F92-0CA6-41E0-B07C-67EDF1839982}
		{F1318938-2AEB-4C0F-AD92-1D6A23F38716} = {84464F92-0CA6-41E0-B07C-67EDF1839982}
		{EE3BFD09-1F4F-4359-8DDA-1C55165396F7} = {84464F92-0CA6-41E0-B07C-67EDF1839982}
		{C8952F70-8FD0-487B-8B17-57B237A5933E} = {84464F92-0CA6-41E0-B07C-67EDF1839982}
		{88F75710-7204-4C71-BDA3-FB092F6F6A10} = {84464F92-0CA6-41E0-B07C-67EDF1839982}
		{F68CF430-A496-4736-858B-3337CBD771B0} = {A0AED990-326C-44F5-B7CF-E34A7E175CB4}
		{F297F83C-A293-477B-8A13-8307A55DE272} = {A0AED990-326C-44F5-B7CF-E34A7E175CB4}
		{C83D71BC-6ABD-4B03-8005-4C8204553FDD} = {A0AED990-326C-44F5-B7CF-E34A7E175CB4}
		{D441941D-CE10-4C67-9B83-501E574662E4} = {7916575E-D1C2-47F6-A6D9-014A58C03AF4}
		{B926C987-18F1-4D05-AABD-76F20CE8FB1E} = {7916575E-D1C2-47F6-A6D9-014A58C03AF4}
		{70D3D259-44B8-4FBF-85DD-6B2A9F1367BF} = {7916575E-D1C2-47F6-A6D9-014A58C03AF4}
		{A0DC9302-C5DE-4922-A023-378F79688E4C} = {D515D0E3-49AF-46B7-A9FF-D00242B8F4EA}
		{027F215F-9EB6-4651-B79C-91EE82D0A669} = {D515D0E3-49AF-46B7-A9FF-D00242B8F4EA}
		{BA9905E4-9F1D-4255-8AC4-C8A79C3A448A} = {D515D0E3-49AF-46B7-A9FF-D00242B8F4EA}
	EndGlobalSection
	GlobalSection(ExtensibilityGlobals) = postSolution
		SolutionGuid = {635D74AE-45AD-4629-BDD1-A1B9AD095AEB}
	EndGlobalSection
EndGlobal
